
Microsoft Visual Studio Solution File, Format Version 12.00
# Visual Studio 15
VisualStudioVersion = 15.0.26730.12
MinimumVisualStudioVersion = 10.0.40219.1
Project("{FAE04EC0-301F-11D3-BF4B-00C04F79EFBC}") = "project_rp", "project_rp\project_rp.csproj", "{047AE71A-6E42-4290-A90B-D37004C5E62E}"
EndProject
Project("{FAE04EC0-301F-11D3-BF4B-00C04F79EFBC}") = "WpfRp", "WpfRp\WpfRp.csproj", "{102AC8B8-C9D5-4E25-B52E-FEC02164660B}"
EndProject
Project("{FAE04EC0-301F-11D3-BF4B-00C04F79EFBC}") = "project2_rp", "project2_rp\project2_rp.csproj", "{55458B14-82DE-465B-B8F0-A07D576E322D}"
EndProject
Global
	GlobalSection(SolutionConfigurationPlatforms) = preSolution
		Debug|Any CPU = Debug|Any CPU
		Release|Any CPU = Release|Any CPU
	EndGlobalSection
	GlobalSection(ProjectConfigurationPlatforms) = postSolution
		{047AE71A-6E42-4290-A90B-D37004C5E62E}.Debug|Any CPU.ActiveCfg = Debug|Any CPU
		{047AE71A-6E42-4290-A90B-D37004C5E62E}.Debug|Any CPU.Build.0 = Debug|Any CPU
		{047AE71A-6E42-4290-A90B-D37004C5E62E}.Release|Any CPU.ActiveCfg = Release|Any CPU
		{047AE71A-6E42-4290-A90B-D37004C5E62E}.Release|Any CPU.Build.0 = Release|Any CPU
		{102AC8B8-C9D5-4E25-B52E-FEC02164660B}.Debug|Any CPU.ActiveCfg = Debug|Any CPU
		{102AC8B8-C9D5-4E25-B52E-FEC02164660B}.Debug|Any CPU.Build.0 = Debug|Any CPU
		{102AC8B8-C9D5-4E25-B52E-FEC02164660B}.Release|Any CPU.ActiveCfg = Release|Any CPU
		{102AC8B8-C9D5-4E25-B52E-FEC02164660B}.Release|Any CPU.Build.0 = Release|Any CPU
		{55458B14-82DE-465B-B8F0-A07D576E322D}.Debug|Any CPU.ActiveCfg = Debug|Any CPU
		{55458B14-82DE-465B-B8F0-A07D576E322D}.Debug|Any CPU.Build.0 = Debug|Any CPU
		{55458B14-82DE-465B-B8F0-A07D576E322D}.Release|Any CPU.ActiveCfg = Release|Any CPU
		{55458B14-82DE-465B-B8F0-A07D576E322D}.Release|Any CPU.Build.0 = Release|Any CPU
	EndGlobalSection
	GlobalSection(SolutionProperties) = preSolution
		HideSolutionNode = FALSE
	EndGlobalSection
	GlobalSection(ExtensibilityGlobals) = postSolution
		SolutionGuid = {F5893533-5ED3-494C-8541-9AC7D9D66C3F}
	EndGlobalSection
EndGlobal
